// !$*UTF8*$!
{
	archiveVersion = 1;
	classes = {
	};
	objectVersion = 56;
	objects = {

/* Begin PBXBuildFile section */
		827A9476293AAB4C0092E310 /* ProfileSetupScreen.swift in Sources */ = {isa = PBXBuildFile; fileRef = 827A9475293AAB4C0092E310 /* ProfileSetupScreen.swift */; };
		827A9478293AAB7C0092E310 /* LoginScreen.swift in Sources */ = {isa = PBXBuildFile; fileRef = 827A9477293AAB7C0092E310 /* LoginScreen.swift */; };
		827A947A293AABA00092E310 /* HomeScreen.swift in Sources */ = {isa = PBXBuildFile; fileRef = 827A9479293AABA00092E310 /* HomeScreen.swift */; };
		827A947C293AABBB0092E310 /* BrowseScreen.swift in Sources */ = {isa = PBXBuildFile; fileRef = 827A947B293AABBB0092E310 /* BrowseScreen.swift */; };
		827A947E293AABE30092E310 /* AddInventoryScreen.swift in Sources */ = {isa = PBXBuildFile; fileRef = 827A947D293AABE30092E310 /* AddInventoryScreen.swift */; };
		827A9480293AABFF0092E310 /* FoodItemScreen.swift in Sources */ = {isa = PBXBuildFile; fileRef = 827A947F293AABFF0092E310 /* FoodItemScreen.swift */; };
		827A9482293AAC170092E310 /* CalendarScreen.swift in Sources */ = {isa = PBXBuildFile; fileRef = 827A9481293AAC170092E310 /* CalendarScreen.swift */; };
		827A9484293AAC300092E310 /* DayScreen.swift in Sources */ = {isa = PBXBuildFile; fileRef = 827A9483293AAC300092E310 /* DayScreen.swift */; };
		827A9486293AAC850092E310 /* EditProfileScreen.swift in Sources */ = {isa = PBXBuildFile; fileRef = 827A9485293AAC850092E310 /* EditProfileScreen.swift */; };
		827A9488293AB1500092E310 /* TabBarController.swift in Sources */ = {isa = PBXBuildFile; fileRef = 827A9487293AB1500092E310 /* TabBarController.swift */; };
		827A948A293AF8AC0092E310 /* HomeCollectionViewController.swift in Sources */ = {isa = PBXBuildFile; fileRef = 827A9489293AF8AC0092E310 /* HomeCollectionViewController.swift */; };
		827A948C293AF9570092E310 /* HomeCollectionViewCell.swift in Sources */ = {isa = PBXBuildFile; fileRef = 827A948B293AF9570092E310 /* HomeCollectionViewCell.swift */; };
		827A948E293AFCB20092E310 /* BrowseTableViewController.swift in Sources */ = {isa = PBXBuildFile; fileRef = 827A948D293AFCB20092E310 /* BrowseTableViewController.swift */; };
		827A9490293AFCC90092E310 /* BrowseTableViewCell.swift in Sources */ = {isa = PBXBuildFile; fileRef = 827A948F293AFCC90092E310 /* BrowseTableViewCell.swift */; };
		828D5C2D293285910013AABE /* AppDelegate.swift in Sources */ = {isa = PBXBuildFile; fileRef = 828D5C2C293285910013AABE /* AppDelegate.swift */; };
		828D5C2F293285910013AABE /* SceneDelegate.swift in Sources */ = {isa = PBXBuildFile; fileRef = 828D5C2E293285910013AABE /* SceneDelegate.swift */; };
		828D5C31293285910013AABE /* SignUpScreen.swift in Sources */ = {isa = PBXBuildFile; fileRef = 828D5C30293285910013AABE /* SignUpScreen.swift */; };
		828D5C34293285910013AABE /* Main.storyboard in Resources */ = {isa = PBXBuildFile; fileRef = 828D5C32293285910013AABE /* Main.storyboard */; };
		828D5C37293285910013AABE /* CARE.xcdatamodeld in Sources */ = {isa = PBXBuildFile; fileRef = 828D5C35293285910013AABE /* CARE.xcdatamodeld */; };
		828D5C39293285910013AABE /* Assets.xcassets in Resources */ = {isa = PBXBuildFile; fileRef = 828D5C38293285910013AABE /* Assets.xcassets */; };
		828D5C3C293285910013AABE /* LaunchScreen.storyboard in Resources */ = {isa = PBXBuildFile; fileRef = 828D5C3A293285910013AABE /* LaunchScreen.storyboard */; };
		DDF230B329399FF60044A107 /* GoogleService-Info.plist in Resources */ = {isa = PBXBuildFile; fileRef = DDF230B229399FF60044A107 /* GoogleService-Info.plist */; };
		DDF230B62939A1990044A107 /* FirebaseAnalytics in Frameworks */ = {isa = PBXBuildFile; productRef = DDF230B52939A1990044A107 /* FirebaseAnalytics */; };
		DDF230B82939A1990044A107 /* FirebaseAnalyticsOnDeviceConversion in Frameworks */ = {isa = PBXBuildFile; productRef = DDF230B72939A1990044A107 /* FirebaseAnalyticsOnDeviceConversion */; };
		DDF230BA2939A1990044A107 /* FirebaseAnalyticsSwift in Frameworks */ = {isa = PBXBuildFile; productRef = DDF230B92939A1990044A107 /* FirebaseAnalyticsSwift */; };
		DDF230BC2939A1990044A107 /* FirebaseAnalyticsWithoutAdIdSupport in Frameworks */ = {isa = PBXBuildFile; productRef = DDF230BB2939A1990044A107 /* FirebaseAnalyticsWithoutAdIdSupport */; };
		DDF230BE2939A1990044A107 /* FirebaseDatabase in Frameworks */ = {isa = PBXBuildFile; productRef = DDF230BD2939A1990044A107 /* FirebaseDatabase */; };
		DDF230C02939A1990044A107 /* FirebaseDatabaseSwift in Frameworks */ = {isa = PBXBuildFile; productRef = DDF230BF2939A1990044A107 /* FirebaseDatabaseSwift */; };
		DDF230C22939A1990044A107 /* FirebaseInstallations in Frameworks */ = {isa = PBXBuildFile; productRef = DDF230C12939A1990044A107 /* FirebaseInstallations */; };
		DDF230C42939A1990044A107 /* FirebaseStorage in Frameworks */ = {isa = PBXBuildFile; productRef = DDF230C32939A1990044A107 /* FirebaseStorage */; };
		DDF230C82939D1CE0044A107 /* ProfileScreen.swift in Sources */ = {isa = PBXBuildFile; fileRef = DDF230C72939D1CE0044A107 /* ProfileScreen.swift */; };
/* End PBXBuildFile section */

/* Begin PBXFileReference section */
		827A9475293AAB4C0092E310 /* ProfileSetupScreen.swift */ = {isa = PBXFileReference; lastKnownFileType = sourcecode.swift; path = ProfileSetupScreen.swift; sourceTree = "<group>"; };
		827A9477293AAB7C0092E310 /* LoginScreen.swift */ = {isa = PBXFileReference; lastKnownFileType = sourcecode.swift; path = LoginScreen.swift; sourceTree = "<group>"; };
		827A9479293AABA00092E310 /* HomeScreen.swift */ = {isa = PBXFileReference; lastKnownFileType = sourcecode.swift; path = HomeScreen.swift; sourceTree = "<group>"; };
		827A947B293AABBB0092E310 /* BrowseScreen.swift */ = {isa = PBXFileReference; lastKnownFileType = sourcecode.swift; path = BrowseScreen.swift; sourceTree = "<group>"; };
		827A947D293AABE30092E310 /* AddInventoryScreen.swift */ = {isa = PBXFileReference; lastKnownFileType = sourcecode.swift; path = AddInventoryScreen.swift; sourceTree = "<group>"; };
		827A947F293AABFF0092E310 /* FoodItemScreen.swift */ = {isa = PBXFileReference; lastKnownFileType = sourcecode.swift; path = FoodItemScreen.swift; sourceTree = "<group>"; };
		827A9481293AAC170092E310 /* CalendarScreen.swift */ = {isa = PBXFileReference; lastKnownFileType = sourcecode.swift; path = CalendarScreen.swift; sourceTree = "<group>"; };
		827A9483293AAC300092E310 /* DayScreen.swift */ = {isa = PBXFileReference; lastKnownFileType = sourcecode.swift; path = DayScreen.swift; sourceTree = "<group>"; };
		827A9485293AAC850092E310 /* EditProfileScreen.swift */ = {isa = PBXFileReference; lastKnownFileType = sourcecode.swift; path = EditProfileScreen.swift; sourceTree = "<group>"; };
		827A9487293AB1500092E310 /* TabBarController.swift */ = {isa = PBXFileReference; lastKnownFileType = sourcecode.swift; path = TabBarController.swift; sourceTree = "<group>"; };
		827A9489293AF8AC0092E310 /* HomeCollectionViewController.swift */ = {isa = PBXFileReference; lastKnownFileType = sourcecode.swift; path = HomeCollectionViewController.swift; sourceTree = "<group>"; };
		827A948B293AF9570092E310 /* HomeCollectionViewCell.swift */ = {isa = PBXFileReference; lastKnownFileType = sourcecode.swift; path = HomeCollectionViewCell.swift; sourceTree = "<group>"; };
		827A948D293AFCB20092E310 /* BrowseTableViewController.swift */ = {isa = PBXFileReference; lastKnownFileType = sourcecode.swift; path = BrowseTableViewController.swift; sourceTree = "<group>"; };
		827A948F293AFCC90092E310 /* BrowseTableViewCell.swift */ = {isa = PBXFileReference; lastKnownFileType = sourcecode.swift; path = BrowseTableViewCell.swift; sourceTree = "<group>"; };
		828D5C29293285910013AABE /* CARE.app */ = {isa = PBXFileReference; explicitFileType = wrapper.application; includeInIndex = 0; path = CARE.app; sourceTree = BUILT_PRODUCTS_DIR; };
		828D5C2C293285910013AABE /* AppDelegate.swift */ = {isa = PBXFileReference; lastKnownFileType = sourcecode.swift; path = AppDelegate.swift; sourceTree = "<group>"; };
		828D5C2E293285910013AABE /* SceneDelegate.swift */ = {isa = PBXFileReference; lastKnownFileType = sourcecode.swift; path = SceneDelegate.swift; sourceTree = "<group>"; };
		828D5C30293285910013AABE /* SignUpScreen.swift */ = {isa = PBXFileReference; lastKnownFileType = sourcecode.swift; path = SignUpScreen.swift; sourceTree = "<group>"; };
		828D5C33293285910013AABE /* Base */ = {isa = PBXFileReference; lastKnownFileType = file.storyboard; name = Base; path = Base.lproj/Main.storyboard; sourceTree = "<group>"; };
		828D5C36293285910013AABE /* CARE.xcdatamodel */ = {isa = PBXFileReference; lastKnownFileType = wrapper.xcdatamodel; path = CARE.xcdatamodel; sourceTree = "<group>"; };
		828D5C38293285910013AABE /* Assets.xcassets */ = {isa = PBXFileReference; lastKnownFileType = folder.assetcatalog; path = Assets.xcassets; sourceTree = "<group>"; };
		828D5C3B293285910013AABE /* Base */ = {isa = PBXFileReference; lastKnownFileType = file.storyboard; name = Base; path = Base.lproj/LaunchScreen.storyboard; sourceTree = "<group>"; };
		828D5C3D293285910013AABE /* Info.plist */ = {isa = PBXFileReference; lastKnownFileType = text.plist.xml; path = Info.plist; sourceTree = "<group>"; };
		DDF230B229399FF60044A107 /* GoogleService-Info.plist */ = {isa = PBXFileReference; fileEncoding = 4; lastKnownFileType = text.plist.xml; path = "GoogleService-Info.plist"; sourceTree = "<group>"; };
		DDF230C72939D1CE0044A107 /* ProfileScreen.swift */ = {isa = PBXFileReference; lastKnownFileType = sourcecode.swift; path = ProfileScreen.swift; sourceTree = "<group>"; };
/* End PBXFileReference section */

/* Begin PBXFrameworksBuildPhase section */
		828D5C26293285910013AABE /* Frameworks */ = {
			isa = PBXFrameworksBuildPhase;
			buildActionMask = 2147483647;
			files = (
				DDF230C02939A1990044A107 /* FirebaseDatabaseSwift in Frameworks */,
				DDF230C22939A1990044A107 /* FirebaseInstallations in Frameworks */,
				DDF230BE2939A1990044A107 /* FirebaseDatabase in Frameworks */,
				DDF230BA2939A1990044A107 /* FirebaseAnalyticsSwift in Frameworks */,
				DDF230B62939A1990044A107 /* FirebaseAnalytics in Frameworks */,
				DDF230C42939A1990044A107 /* FirebaseStorage in Frameworks */,
				DDF230B82939A1990044A107 /* FirebaseAnalyticsOnDeviceConversion in Frameworks */,
				DDF230BC2939A1990044A107 /* FirebaseAnalyticsWithoutAdIdSupport in Frameworks */,
			);
			runOnlyForDeploymentPostprocessing = 0;
		};
/* End PBXFrameworksBuildPhase section */

/* Begin PBXGroup section */
		828D5C20293285910013AABE = {
			isa = PBXGroup;
			children = (
				828D5C2B293285910013AABE /* CARE */,
				828D5C2A293285910013AABE /* Products */,
			);
			sourceTree = "<group>";
		};
		828D5C2A293285910013AABE /* Products */ = {
			isa = PBXGroup;
			children = (
				828D5C29293285910013AABE /* CARE.app */,
			);
			name = Products;
			sourceTree = "<group>";
		};
		828D5C2B293285910013AABE /* CARE */ = {
			isa = PBXGroup;
			children = (
				828D5C2C293285910013AABE /* AppDelegate.swift */,
				828D5C2E293285910013AABE /* SceneDelegate.swift */,
				828D5C30293285910013AABE /* SignUpScreen.swift */,
				827A9475293AAB4C0092E310 /* ProfileSetupScreen.swift */,
				827A9477293AAB7C0092E310 /* LoginScreen.swift */,
				827A9479293AABA00092E310 /* HomeScreen.swift */,
				827A947B293AABBB0092E310 /* BrowseScreen.swift */,
				827A947D293AABE30092E310 /* AddInventoryScreen.swift */,
				827A9481293AAC170092E310 /* CalendarScreen.swift */,
				827A947F293AABFF0092E310 /* FoodItemScreen.swift */,
				827A9487293AB1500092E310 /* TabBarController.swift */,
				827A948B293AF9570092E310 /* HomeCollectionViewCell.swift */,
				827A9489293AF8AC0092E310 /* HomeCollectionViewController.swift */,
				827A948D293AFCB20092E310 /* BrowseTableViewController.swift */,
				827A948F293AFCC90092E310 /* BrowseTableViewCell.swift */,
				827A9483293AAC300092E310 /* DayScreen.swift */,
				DDF230C72939D1CE0044A107 /* ProfileScreen.swift */,
				827A9485293AAC850092E310 /* EditProfileScreen.swift */,
				828D5C32293285910013AABE /* Main.storyboard */,
				828D5C3A293285910013AABE /* LaunchScreen.storyboard */,
				828D5C38293285910013AABE /* Assets.xcassets */,
				828D5C3D293285910013AABE /* Info.plist */,
				DDF230B229399FF60044A107 /* GoogleService-Info.plist */,
				828D5C35293285910013AABE /* CARE.xcdatamodeld */,
			);
			path = CARE;
			sourceTree = "<group>";
		};
/* End PBXGroup section */

/* Begin PBXNativeTarget section */
		828D5C28293285910013AABE /* CARE */ = {
			isa = PBXNativeTarget;
			buildConfigurationList = 828D5C40293285910013AABE /* Build configuration list for PBXNativeTarget "CARE" */;
			buildPhases = (
				828D5C25293285910013AABE /* Sources */,
				828D5C26293285910013AABE /* Frameworks */,
				828D5C27293285910013AABE /* Resources */,
			);
			buildRules = (
			);
			dependencies = (
			);
			name = CARE;
			packageProductDependencies = (
				DDF230B52939A1990044A107 /* FirebaseAnalytics */,
				DDF230B72939A1990044A107 /* FirebaseAnalyticsOnDeviceConversion */,
				DDF230B92939A1990044A107 /* FirebaseAnalyticsSwift */,
				DDF230BB2939A1990044A107 /* FirebaseAnalyticsWithoutAdIdSupport */,
				DDF230BD2939A1990044A107 /* FirebaseDatabase */,
				DDF230BF2939A1990044A107 /* FirebaseDatabaseSwift */,
				DDF230C12939A1990044A107 /* FirebaseInstallations */,
				DDF230C32939A1990044A107 /* FirebaseStorage */,
			);
			productName = CARE;
			productReference = 828D5C29293285910013AABE /* CARE.app */;
			productType = "com.apple.product-type.application";
		};
/* End PBXNativeTarget section */

/* Begin PBXProject section */
		828D5C21293285910013AABE /* Project object */ = {
			isa = PBXProject;
			attributes = {
				BuildIndependentTargetsInParallel = 1;
				LastSwiftUpdateCheck = 1410;
				LastUpgradeCheck = 1410;
				TargetAttributes = {
					828D5C28293285910013AABE = {
						CreatedOnToolsVersion = 14.1;
					};
				};
			};
			buildConfigurationList = 828D5C24293285910013AABE /* Build configuration list for PBXProject "CARE" */;
			compatibilityVersion = "Xcode 14.0";
			developmentRegion = en;
			hasScannedForEncodings = 0;
			knownRegions = (
				en,
				Base,
			);
			mainGroup = 828D5C20293285910013AABE;
			packageReferences = (
				DDF230B42939A1980044A107 /* XCRemoteSwiftPackageReference "firebase-ios-sdk" */,
			);
			productRefGroup = 828D5C2A293285910013AABE /* Products */;
			projectDirPath = "";
			projectRoot = "";
			targets = (
				828D5C28293285910013AABE /* CARE */,
			);
		};
/* End PBXProject section */

/* Begin PBXResourcesBuildPhase section */
		828D5C27293285910013AABE /* Resources */ = {
			isa = PBXResourcesBuildPhase;
			buildActionMask = 2147483647;
			files = (
				828D5C3C293285910013AABE /* LaunchScreen.storyboard in Resources */,
				DDF230B329399FF60044A107 /* GoogleService-Info.plist in Resources */,
				828D5C39293285910013AABE /* Assets.xcassets in Resources */,
				828D5C34293285910013AABE /* Main.storyboard in Resources */,
			);
			runOnlyForDeploymentPostprocessing = 0;
		};
/* End PBXResourcesBuildPhase section */

/* Begin PBXSourcesBuildPhase section */
		828D5C25293285910013AABE /* Sources */ = {
			isa = PBXSourcesBuildPhase;
			buildActionMask = 2147483647;
			files = (
				827A9484293AAC300092E310 /* DayScreen.swift in Sources */,
				828D5C37293285910013AABE /* CARE.xcdatamodeld in Sources */,
				827A9482293AAC170092E310 /* CalendarScreen.swift in Sources */,
				827A9488293AB1500092E310 /* TabBarController.swift in Sources */,
				828D5C31293285910013AABE /* SignUpScreen.swift in Sources */,
				827A948A293AF8AC0092E310 /* HomeCollectionViewController.swift in Sources */,
				828D5C2D293285910013AABE /* AppDelegate.swift in Sources */,
				827A9490293AFCC90092E310 /* BrowseTableViewCell.swift in Sources */,
				827A9476293AAB4C0092E310 /* ProfileSetupScreen.swift in Sources */,
				827A947E293AABE30092E310 /* AddInventoryScreen.swift in Sources */,
				827A9480293AABFF0092E310 /* FoodItemScreen.swift in Sources */,
				827A948C293AF9570092E310 /* HomeCollectionViewCell.swift in Sources */,
				827A947A293AABA00092E310 /* HomeScreen.swift in Sources */,
				827A9478293AAB7C0092E310 /* LoginScreen.swift in Sources */,
				DDF230C82939D1CE0044A107 /* ProfileScreen.swift in Sources */,
				827A9486293AAC850092E310 /* EditProfileScreen.swift in Sources */,
				827A947C293AABBB0092E310 /* BrowseScreen.swift in Sources */,
				828D5C2F293285910013AABE /* SceneDelegate.swift in Sources */,
				827A948E293AFCB20092E310 /* BrowseTableViewController.swift in Sources */,
			);
			runOnlyForDeploymentPostprocessing = 0;
		};
/* End PBXSourcesBuildPhase section */

/* Begin PBXVariantGroup section */
		828D5C32293285910013AABE /* Main.storyboard */ = {
			isa = PBXVariantGroup;
			children = (
				828D5C33293285910013AABE /* Base */,
			);
			name = Main.storyboard;
			sourceTree = "<group>";
		};
		828D5C3A293285910013AABE /* LaunchScreen.storyboard */ = {
			isa = PBXVariantGroup;
			children = (
				828D5C3B293285910013AABE /* Base */,
			);
			name = LaunchScreen.storyboard;
			sourceTree = "<group>";
		};
/* End PBXVariantGroup section */

/* Begin XCBuildConfiguration section */
		828D5C3E293285910013AABE /* Debug */ = {
			isa = XCBuildConfiguration;
			buildSettings = {
				ALWAYS_SEARCH_USER_PATHS = NO;
				CLANG_ANALYZER_NONNULL = YES;
				CLANG_ANALYZER_NUMBER_OBJECT_CONVERSION = YES_AGGRESSIVE;
				CLANG_CXX_LANGUAGE_STANDARD = "gnu++20";
				CLANG_ENABLE_MODULES = YES;
				CLANG_ENABLE_OBJC_ARC = YES;
				CLANG_ENABLE_OBJC_WEAK = YES;
				CLANG_WARN_BLOCK_CAPTURE_AUTORELEASING = YES;
				CLANG_WARN_BOOL_CONVERSION = YES;
				CLANG_WARN_COMMA = YES;
				CLANG_WARN_CONSTANT_CONVERSION = YES;
				CLANG_WARN_DEPRECATED_OBJC_IMPLEMENTATIONS = YES;
				CLANG_WARN_DIRECT_OBJC_ISA_USAGE = YES_ERROR;
				CLANG_WARN_DOCUMENTATION_COMMENTS = YES;
				CLANG_WARN_EMPTY_BODY = YES;
				CLANG_WARN_ENUM_CONVERSION = YES;
				CLANG_WARN_INFINITE_RECURSION = YES;
				CLANG_WARN_INT_CONVERSION = YES;
				CLANG_WARN_NON_LITERAL_NULL_CONVERSION = YES;
				CLANG_WARN_OBJC_IMPLICIT_RETAIN_SELF = YES;
				CLANG_WARN_OBJC_LITERAL_CONVERSION = YES;
				CLANG_WARN_OBJC_ROOT_CLASS = YES_ERROR;
				CLANG_WARN_QUOTED_INCLUDE_IN_FRAMEWORK_HEADER = YES;
				CLANG_WARN_RANGE_LOOP_ANALYSIS = YES;
				CLANG_WARN_STRICT_PROTOTYPES = YES;
				CLANG_WARN_SUSPICIOUS_MOVE = YES;
				CLANG_WARN_UNGUARDED_AVAILABILITY = YES_AGGRESSIVE;
				CLANG_WARN_UNREACHABLE_CODE = YES;
				CLANG_WARN__DUPLICATE_METHOD_MATCH = YES;
				COPY_PHASE_STRIP = NO;
				DEBUG_INFORMATION_FORMAT = dwarf;
				ENABLE_STRICT_OBJC_MSGSEND = YES;
				ENABLE_TESTABILITY = YES;
				GCC_C_LANGUAGE_STANDARD = gnu11;
				GCC_DYNAMIC_NO_PIC = NO;
				GCC_NO_COMMON_BLOCKS = YES;
				GCC_OPTIMIZATION_LEVEL = 0;
				GCC_PREPROCESSOR_DEFINITIONS = (
					"DEBUG=1",
					"$(inherited)",
				);
				GCC_WARN_64_TO_32_BIT_CONVERSION = YES;
				GCC_WARN_ABOUT_RETURN_TYPE = YES_ERROR;
				GCC_WARN_UNDECLARED_SELECTOR = YES;
				GCC_WARN_UNINITIALIZED_AUTOS = YES_AGGRESSIVE;
				GCC_WARN_UNUSED_FUNCTION = YES;
				GCC_WARN_UNUSED_VARIABLE = YES;
				IPHONEOS_DEPLOYMENT_TARGET = 16.1;
				MTL_ENABLE_DEBUG_INFO = INCLUDE_SOURCE;
				MTL_FAST_MATH = YES;
				ONLY_ACTIVE_ARCH = YES;
				SDKROOT = iphoneos;
				SWIFT_ACTIVE_COMPILATION_CONDITIONS = DEBUG;
				SWIFT_OPTIMIZATION_LEVEL = "-Onone";
			};
			name = Debug;
		};
		828D5C3F293285910013AABE /* Release */ = {
			isa = XCBuildConfiguration;
			buildSettings = {
				ALWAYS_SEARCH_USER_PATHS = NO;
				CLANG_ANALYZER_NONNULL = YES;
				CLANG_ANALYZER_NUMBER_OBJECT_CONVERSION = YES_AGGRESSIVE;
				CLANG_CXX_LANGUAGE_STANDARD = "gnu++20";
				CLANG_ENABLE_MODULES = YES;
				CLANG_ENABLE_OBJC_ARC = YES;
				CLANG_ENABLE_OBJC_WEAK = YES;
				CLANG_WARN_BLOCK_CAPTURE_AUTORELEASING = YES;
				CLANG_WARN_BOOL_CONVERSION = YES;
				CLANG_WARN_COMMA = YES;
				CLANG_WARN_CONSTANT_CONVERSION = YES;
				CLANG_WARN_DEPRECATED_OBJC_IMPLEMENTATIONS = YES;
				CLANG_WARN_DIRECT_OBJC_ISA_USAGE = YES_ERROR;
				CLANG_WARN_DOCUMENTATION_COMMENTS = YES;
				CLANG_WARN_EMPTY_BODY = YES;
				CLANG_WARN_ENUM_CONVERSION = YES;
				CLANG_WARN_INFINITE_RECURSION = YES;
				CLANG_WARN_INT_CONVERSION = YES;
				CLANG_WARN_NON_LITERAL_NULL_CONVERSION = YES;
				CLANG_WARN_OBJC_IMPLICIT_RETAIN_SELF = YES;
				CLANG_WARN_OBJC_LITERAL_CONVERSION = YES;
				CLANG_WARN_OBJC_ROOT_CLASS = YES_ERROR;
				CLANG_WARN_QUOTED_INCLUDE_IN_FRAMEWORK_HEADER = YES;
				CLANG_WARN_RANGE_LOOP_ANALYSIS = YES;
				CLANG_WARN_STRICT_PROTOTYPES = YES;
				CLANG_WARN_SUSPICIOUS_MOVE = YES;
				CLANG_WARN_UNGUARDED_AVAILABILITY = YES_AGGRESSIVE;
				CLANG_WARN_UNREACHABLE_CODE = YES;
				CLANG_WARN__DUPLICATE_METHOD_MATCH = YES;
				COPY_PHASE_STRIP = NO;
				DEBUG_INFORMATION_FORMAT = "dwarf-with-dsym";
				ENABLE_NS_ASSERTIONS = NO;
				ENABLE_STRICT_OBJC_MSGSEND = YES;
				GCC_C_LANGUAGE_STANDARD = gnu11;
				GCC_NO_COMMON_BLOCKS = YES;
				GCC_WARN_64_TO_32_BIT_CONVERSION = YES;
				GCC_WARN_ABOUT_RETURN_TYPE = YES_ERROR;
				GCC_WARN_UNDECLARED_SELECTOR = YES;
				GCC_WARN_UNINITIALIZED_AUTOS = YES_AGGRESSIVE;
				GCC_WARN_UNUSED_FUNCTION = YES;
				GCC_WARN_UNUSED_VARIABLE = YES;
				IPHONEOS_DEPLOYMENT_TARGET = 16.1;
				MTL_ENABLE_DEBUG_INFO = NO;
				MTL_FAST_MATH = YES;
				SDKROOT = iphoneos;
				SWIFT_COMPILATION_MODE = wholemodule;
				SWIFT_OPTIMIZATION_LEVEL = "-O";
				VALIDATE_PRODUCT = YES;
			};
			name = Release;
		};
		828D5C41293285910013AABE /* Debug */ = {
			isa = XCBuildConfiguration;
			buildSettings = {
				ASSETCATALOG_COMPILER_APPICON_NAME = AppIcon;
				ASSETCATALOG_COMPILER_GLOBAL_ACCENT_COLOR_NAME = AccentColor;
				CODE_SIGN_STYLE = Automatic;
				CURRENT_PROJECT_VERSION = 1;
				DEVELOPMENT_TEAM = VDQS4882Z8;
				GENERATE_INFOPLIST_FILE = YES;
				INFOPLIST_FILE = CARE/Info.plist;
				INFOPLIST_KEY_CFBundleDisplayName = CARE;
				INFOPLIST_KEY_LSApplicationCategoryType = "public.app-category.healthcare-fitness";
				INFOPLIST_KEY_UIApplicationSupportsIndirectInputEvents = YES;
				INFOPLIST_KEY_UILaunchStoryboardName = LaunchScreen.storyboard;
				INFOPLIST_KEY_UIMainStoryboardFile = Main;
				INFOPLIST_KEY_UISupportedInterfaceOrientations_iPad = "UIInterfaceOrientationPortrait UIInterfaceOrientationPortraitUpsideDown UIInterfaceOrientationLandscapeLeft UIInterfaceOrientationLandscapeRight";
				INFOPLIST_KEY_UISupportedInterfaceOrientations_iPhone = "UIInterfaceOrientationPortrait UIInterfaceOrientationLandscapeLeft UIInterfaceOrientationLandscapeRight";
				LD_RUNPATH_SEARCH_PATHS = (
					"$(inherited)",
					"@executable_path/Frameworks",
				);
				MARKETING_VERSION = 1.0;
				PRODUCT_BUNDLE_IDENTIFIER = com.humber.CARE.app;
				PRODUCT_NAME = "$(TARGET_NAME)";
				SWIFT_EMIT_LOC_STRINGS = YES;
				SWIFT_VERSION = 5.0;
				TARGETED_DEVICE_FAMILY = "1,2";
			};
			name = Debug;
		};
		828D5C42293285910013AABE /* Release */ = {
			isa = XCBuildConfiguration;
			buildSettings = {
				ASSETCATALOG_COMPILER_APPICON_NAME = AppIcon;
				ASSETCATALOG_COMPILER_GLOBAL_ACCENT_COLOR_NAME = AccentColor;
				CODE_SIGN_STYLE = Automatic;
				CURRENT_PROJECT_VERSION = 1;
				DEVELOPMENT_TEAM = VDQS4882Z8;
				GENERATE_INFOPLIST_FILE = YES;
				INFOPLIST_FILE = CARE/Info.plist;
				INFOPLIST_KEY_CFBundleDisplayName = CARE;
				INFOPLIST_KEY_LSApplicationCategoryType = "public.app-category.healthcare-fitness";
				INFOPLIST_KEY_UIApplicationSupportsIndirectInputEvents = YES;
				INFOPLIST_KEY_UILaunchStoryboardName = LaunchScreen.storyboard;
				INFOPLIST_KEY_UIMainStoryboardFile = Main;
				INFOPLIST_KEY_UISupportedInterfaceOrientations_iPad = "UIInterfaceOrientationPortrait UIInterfaceOrientationPortraitUpsideDown UIInterfaceOrientationLandscapeLeft UIInterfaceOrientationLandscapeRight";
				INFOPLIST_KEY_UISupportedInterfaceOrientations_iPhone = "UIInterfaceOrientationPortrait UIInterfaceOrientationLandscapeLeft UIInterfaceOrientationLandscapeRight";
				LD_RUNPATH_SEARCH_PATHS = (
					"$(inherited)",
					"@executable_path/Frameworks",
				);
				MARKETING_VERSION = 1.0;
				PRODUCT_BUNDLE_IDENTIFIER = com.humber.CARE.app;
				PRODUCT_NAME = "$(TARGET_NAME)";
				SWIFT_EMIT_LOC_STRINGS = YES;
				SWIFT_VERSION = 5.0;
				TARGETED_DEVICE_FAMILY = "1,2";
			};
			name = Release;
		};
/* End XCBuildConfiguration section */

/* Begin XCConfigurationList section */
		828D5C24293285910013AABE /* Build configuration list for PBXProject "CARE" */ = {
			isa = XCConfigurationList;
			buildConfigurations = (
				828D5C3E293285910013AABE /* Debug */,
				828D5C3F293285910013AABE /* Release */,
			);
			defaultConfigurationIsVisible = 0;
			defaultConfigurationName = Release;
		};
		828D5C40293285910013AABE /* Build configuration list for PBXNativeTarget "CARE" */ = {
			isa = XCConfigurationList;
			buildConfigurations = (
				828D5C41293285910013AABE /* Debug */,
				828D5C42293285910013AABE /* Release */,
			);
			defaultConfigurationIsVisible = 0;
			defaultConfigurationName = Release;
		};
/* End XCConfigurationList section */

/* Begin XCRemoteSwiftPackageReference section */
		DDF230B42939A1980044A107 /* XCRemoteSwiftPackageReference "firebase-ios-sdk" */ = {
			isa = XCRemoteSwiftPackageReference;
			repositoryURL = "https://github.com/firebase/firebase-ios-sdk";
			requirement = {
				kind = upToNextMajorVersion;
				minimumVersion = 9.0.0;
			};
		};
/* End XCRemoteSwiftPackageReference section */

/* Begin XCSwiftPackageProductDependency section */
		DDF230B52939A1990044A107 /* FirebaseAnalytics */ = {
			isa = XCSwiftPackageProductDependency;
			package = DDF230B42939A1980044A107 /* XCRemoteSwiftPackageReference "firebase-ios-sdk" */;
			productName = FirebaseAnalytics;
		};
		DDF230B72939A1990044A107 /* FirebaseAnalyticsOnDeviceConversion */ = {
			isa = XCSwiftPackageProductDependency;
			package = DDF230B42939A1980044A107 /* XCRemoteSwiftPackageReference "firebase-ios-sdk" */;
			productName = FirebaseAnalyticsOnDeviceConversion;
		};
		DDF230B92939A1990044A107 /* FirebaseAnalyticsSwift */ = {
			isa = XCSwiftPackageProductDependency;
			package = DDF230B42939A1980044A107 /* XCRemoteSwiftPackageReference "firebase-ios-sdk" */;
			productName = FirebaseAnalyticsSwift;
		};
		DDF230BB2939A1990044A107 /* FirebaseAnalyticsWithoutAdIdSupport */ = {
			isa = XCSwiftPackageProductDependency;
			package = DDF230B42939A1980044A107 /* XCRemoteSwiftPackageReference "firebase-ios-sdk" */;
			productName = FirebaseAnalyticsWithoutAdIdSupport;
		};
		DDF230BD2939A1990044A107 /* FirebaseDatabase */ = {
			isa = XCSwiftPackageProductDependency;
			package = DDF230B42939A1980044A107 /* XCRemoteSwiftPackageReference "firebase-ios-sdk" */;
			productName = FirebaseDatabase;
		};
		DDF230BF2939A1990044A107 /* FirebaseDatabaseSwift */ = {
			isa = XCSwiftPackageProductDependency;
			package = DDF230B42939A1980044A107 /* XCRemoteSwiftPackageReference "firebase-ios-sdk" */;
			productName = FirebaseDatabaseSwift;
		};
		DDF230C12939A1990044A107 /* FirebaseInstallations */ = {
			isa = XCSwiftPackageProductDependency;
			package = DDF230B42939A1980044A107 /* XCRemoteSwiftPackageReference "firebase-ios-sdk" */;
			productName = FirebaseInstallations;
		};
		DDF230C32939A1990044A107 /* FirebaseStorage */ = {
			isa = XCSwiftPackageProductDependency;
			package = DDF230B42939A1980044A107 /* XCRemoteSwiftPackageReference "firebase-ios-sdk" */;
			productName = FirebaseStorage;
		};
/* End XCSwiftPackageProductDependency section */

/* Begin XCVersionGroup section */
		828D5C35293285910013AABE /* CARE.xcdatamodeld */ = {
			isa = XCVersionGroup;
			children = (
				828D5C36293285910013AABE /* CARE.xcdatamodel */,
			);
			currentVersion = 828D5C36293285910013AABE /* CARE.xcdatamodel */;
			path = CARE.xcdatamodeld;
			sourceTree = "<group>";
			versionGroupType = wrapper.xcdatamodel;
		};
/* End XCVersionGroup section */
	};
	rootObject = 828D5C21293285910013AABE /* Project object */;
}
